
Microsoft Visual Studio Solution File, Format Version 12.00
# Visual Studio Version 16
VisualStudioVersion = 16.0.37301.9
MinimumVisualStudioVersion = 10.0.40219.1
Project("{2150E333-8FDC-42A3-9474-1A3956D46DE8}") = "Projects", "Projects", "{B250CD27-41B4-41F0-AC92-F0E9DDB4F931}"
EndProject
Project("{2150E333-8FDC-42A3-9474-1A3956D46DE8}") = "Microservices", "Microservices", "{F8150BD3-5E19-4A81-9A8B-63A27FCECACA}"
EndProject
Project("{2150E333-8FDC-42A3-9474-1A3956D46DE8}") = "Gateway", "Gateway", "{5DB3C538-4BCF-467D-AD46-3A5F7876A205}"
EndProject
Project("{2150E333-8FDC-42A3-9474-1A3956D46DE8}") = "Venta", "Venta", "{3B60F1F5-55B3-4F52-B1CE-156F444798D3}"
EndProject
Project("{2150E333-8FDC-42A3-9474-1A3956D46DE8}") = "Seguridad", "Seguridad", "{0AC142E2-5853-414A-A1B3-8E3578E082DA}"
EndProject
Project("{9A19103F-16F7-4668-BE54-9A1E7A4F7556}") = "MSVenta.Seguridad", "MSVenta.Seguridad\MSVenta.Seguridad.csproj", "{4D4455DC-89B2-487B-8E2A-DFF8F4B7518C}"
EndProject
Project("{9A19103F-16F7-4668-BE54-9A1E7A4F7556}") = "MSVenta.Venta", "MSVenta.Venta\MSVenta.Venta.csproj", "{5B72C492-2E80-4754-A7A2-943DD9868670}"
EndProject
Project("{9A19103F-16F7-4668-BE54-9A1E7A4F7556}") = "MSVenta.Gateway", "MSVenta.Gateway\MSVenta.Gateway.csproj", "{D7B71E63-1D95-47D3-93CE-8BF487E1D19F}"
EndProject
Project("{9A19103F-16F7-4668-BE54-9A1E7A4F7556}") = "MSVenta.Inventario", "MSVenta.Inventario\MSVenta.Inventario.csproj", "{4DDDE1FA-88CD-42BE-8CAE-82C1A50E0B37}"
EndProject
Project("{2150E333-8FDC-42A3-9474-1A3956D46DE8}") = "inventario", "inventario", "{2D6DB950-3E92-4ADF-99BF-5284BBF6EE93}"
EndProject
Project("{9A19103F-16F7-4668-BE54-9A1E7A4F7556}") = "MSVenta.Compras", "MSVenta.Compras\MSVenta.Compras.csproj", "{4ECF5095-6E82-49FC-A263-A9F33DFEFE2E}"
EndProject
Project("{2150E333-8FDC-42A3-9474-1A3956D46DE8}") = "compras", "compras", "{A3EEEB65-A8F4-4A4C-9DFB-8E057824E67D}"
EndProject
Project("{2150E333-8FDC-42A3-9474-1A3956D46DE8}") = "reportes", "reportes", "{36C6A4EF-926A-413A-894D-83DE632CE07B}"
EndProject
Project("{FAE04EC0-301F-11D3-BF4B-00C04F79EFBC}") = "MSVenta.Reportes", "MSVenta.Reportes\MSVenta.Reportes.csproj", "{9AC8C8F3-A1D6-4BB8-B4FE-4D1AAFA00318}"
EndProject
Global
	GlobalSection(SolutionConfigurationPlatforms) = preSolution
		Debug|Any CPU = Debug|Any CPU
		Release|Any CPU = Release|Any CPU
	EndGlobalSection
	GlobalSection(ProjectConfigurationPlatforms) = postSolution
		{4D4455DC-89B2-487B-8E2A-DFF8F4B7518C}.Debug|Any CPU.ActiveCfg = Debug|Any CPU
		{4D4455DC-89B2-487B-8E2A-DFF8F4B7518C}.Debug|Any CPU.Build.0 = Debug|Any CPU
		{4D4455DC-89B2-487B-8E2A-DFF8F4B7518C}.Release|Any CPU.ActiveCfg = Release|Any CPU
		{4D4455DC-89B2-487B-8E2A-DFF8F4B7518C}.Release|Any CPU.Build.0 = Release|Any CPU
		{5B72C492-2E80-4754-A7A2-943DD9868670}.Debug|Any CPU.ActiveCfg = Debug|Any CPU
		{5B72C492-2E80-4754-A7A2-943DD9868670}.Debug|Any CPU.Build.0 = Debug|Any CPU
		{5B72C492-2E80-4754-A7A2-943DD9868670}.Release|Any CPU.ActiveCfg = Release|Any CPU
		{5B72C492-2E80-4754-A7A2-943DD9868670}.Release|Any CPU.Build.0 = Release|Any CPU
		{D7B71E63-1D95-47D3-93CE-8BF487E1D19F}.Debug|Any CPU.ActiveCfg = Debug|Any CPU
		{D7B71E63-1D95-47D3-93CE-8BF487E1D19F}.Debug|Any CPU.Build.0 = Debug|Any CPU
		{D7B71E63-1D95-47D3-93CE-8BF487E1D19F}.Release|Any CPU.ActiveCfg = Release|Any CPU
		{D7B71E63-1D95-47D3-93CE-8BF487E1D19F}.Release|Any CPU.Build.0 = Release|Any CPU
		{4DDDE1FA-88CD-42BE-8CAE-82C1A50E0B37}.Debug|Any CPU.ActiveCfg = Debug|Any CPU
		{4DDDE1FA-88CD-42BE-8CAE-82C1A50E0B37}.Debug|Any CPU.Build.0 = Debug|Any CPU
		{4DDDE1FA-88CD-42BE-8CAE-82C1A50E0B37}.Release|Any CPU.ActiveCfg = Release|Any CPU
		{4DDDE1FA-88CD-42BE-8CAE-82C1A50E0B37}.Release|Any CPU.Build.0 = Release|Any CPU
		{4ECF5095-6E82-49FC-A263-A9F33DFEFE2E}.Debug|Any CPU.ActiveCfg = Debug|Any CPU
		{4ECF5095-6E82-49FC-A263-A9F33DFEFE2E}.Debug|Any CPU.Build.0 = Debug|Any CPU
		{4ECF5095-6E82-49FC-A263-A9F33DFEFE2E}.Release|Any CPU.ActiveCfg = Release|Any CPU
		{4ECF5095-6E82-49FC-A263-A9F33DFEFE2E}.Release|Any CPU.Build.0 = Release|Any CPU
		{9AC8C8F3-A1D6-4BB8-B4FE-4D1AAFA00318}.Debug|Any CPU.ActiveCfg = Debug|Any CPU
		{9AC8C8F3-A1D6-4BB8-B4FE-4D1AAFA00318}.Debug|Any CPU.Build.0 = Debug|Any CPU
		{9AC8C8F3-A1D6-4BB8-B4FE-4D1AAFA00318}.Release|Any CPU.ActiveCfg = Release|Any CPU
		{9AC8C8F3-A1D6-4BB8-B4FE-4D1AAFA00318}.Release|Any CPU.Build.0 = Release|Any CPU
	EndGlobalSection
	GlobalSection(SolutionProperties) = preSolution
		HideSolutionNode = FALSE
	EndGlobalSection
	GlobalSection(NestedProjects) = preSolution
		{F8150BD3-5E19-4A81-9A8B-63A27FCECACA} = {B250CD27-41B4-41F0-AC92-F0E9DDB4F931}
		{5DB3C538-4BCF-467D-AD46-3A5F7876A205} = {B250CD27-41B4-41F0-AC92-F0E9DDB4F931}
		{3B60F1F5-55B3-4F52-B1CE-156F444798D3} = {F8150BD3-5E19-4A81-9A8B-63A27FCECACA}
		{0AC142E2-5853-414A-A1B3-8E3578E082DA} = {F8150BD3-5E19-4A81-9A8B-63A27FCECACA}
		{4D4455DC-89B2-487B-8E2A-DFF8F4B7518C} = {0AC142E2-5853-414A-A1B3-8E3578E082DA}
		{5B72C492-2E80-4754-A7A2-943DD9868670} = {3B60F1F5-55B3-4F52-B1CE-156F444798D3}
		{D7B71E63-1D95-47D3-93CE-8BF487E1D19F} = {5DB3C538-4BCF-467D-AD46-3A5F7876A205}
		{4DDDE1FA-88CD-42BE-8CAE-82C1A50E0B37} = {2D6DB950-3E92-4ADF-99BF-5284BBF6EE93}
		{2D6DB950-3E92-4ADF-99BF-5284BBF6EE93} = {F8150BD3-5E19-4A81-9A8B-63A27FCECACA}
		{4ECF5095-6E82-49FC-A263-A9F33DFEFE2E} = {A3EEEB65-A8F4-4A4C-9DFB-8E057824E67D}
		{A3EEEB65-A8F4-4A4C-9DFB-8E057824E67D} = {F8150BD3-5E19-4A81-9A8B-63A27FCECACA}
		{36C6A4EF-926A-413A-894D-83DE632CE07B} = {F8150BD3-5E19-4A81-9A8B-63A27FCECACA}
		{9AC8C8F3-A1D6-4BB8-B4FE-4D1AAFA00318} = {36C6A4EF-926A-413A-894D-83DE632CE07B}
	EndGlobalSection
	GlobalSection(ExtensibilityGlobals) = postSolution
		SolutionGuid = {142CCA93-81A0-487B-B711-ECB60E629CC5}
	EndGlobalSection
EndGlobal
